
Microsoft Visual Studio Solution File, Format Version 12.00
# Visual Studio Version 16
VisualStudioVersion = 16.0.30204.135
MinimumVisualStudioVersion = 10.0.40219.1
Project("{FAE04EC0-301F-11D3-BF4B-00C04F79EFBC}") = "Jedrilica_Domaci", "Jedrilica_Domaci.csproj", "{B3A4E6BA-42AC-4A8A-8563-3C303790FAD7}"
EndProject
Global
	GlobalSection(SolutionConfigurationPlatforms) = preSolution
		Debug|Any CPU = Debug|Any CPU
		Release|Any CPU = Release|Any CPU
	EndGlobalSection
	GlobalSection(ProjectConfigurationPlatforms) = postSolution
		{B3A4E6BA-42AC-4A8A-8563-3C303790FAD7}.Debug|Any CPU.ActiveCfg = Debug|Any CPU
		{B3A4E6BA-42AC-4A8A-8563-3C303790FAD7}.Debug|Any CPU.Build.0 = Debug|Any CPU
		{B3A4E6BA-42AC-4A8A-8563-3C303790FAD7}.Release|Any CPU.ActiveCfg = Release|Any CPU
		{B3A4E6BA-42AC-4A8A-8563-3C303790FAD7}.Release|Any CPU.Build.0 = Release|Any CPU
	EndGlobalSection
	GlobalSection(SolutionProperties) = preSolution
		HideSolutionNode = FALSE
	EndGlobalSection
	GlobalSection(ExtensibilityGlobals) = postSolution
		SolutionGuid = {5929C318-FE32-4739-B2D7-78A99FF0CCBC}
	EndGlobalSection
EndGlobal
